PODS:
  - rapidsnark (0.0.1-alpha.3):
    - rapidsnark/rapidsnark (= 0.0.1-alpha.3)
  - rapidsnark/C (0.0.1-alpha.3)
  - rapidsnark/rapidsnark (0.0.1-alpha.3):
    - rapidsnark/C

DEPENDENCIES:
  - rapidsnark (from `../`)

EXTERNAL SOURCES:
  rapidsnark:
    :path: "../"

SPEC CHECKSUMS:
  rapidsnark: d7ec571676bc69b2dd27b00e8a20d3d3fb9b023f

PODFILE CHECKSUM: 96331fd92ed9651d0ec43feadad116a15c20e7c7

COCOAPODS: 1.15.2
