PODS:
  - CircomWitnesscalc (0.0.1-alpha.2):
    - CircomWitnesscalc/CircomWitnesscalc (= 0.0.1-alpha.2)
  - CircomWitnesscalc/C (0.0.1-alpha.2)
  - CircomWitnesscalc/CircomWitnesscalc (0.0.1-alpha.2):
    - CircomWitnesscalc/C
  - rapidsnark (0.0.1-alpha.6):
    - rapidsnark/rapidsnark (= 0.0.1-alpha.6)
  - rapidsnark/rapidsnark (0.0.1-alpha.6):
    - rapidsnark/rapidsnarkC
  - rapidsnark/rapidsnarkC (0.0.1-alpha.6)

DEPENDENCIES:
  - CircomWitnesscalc (= 0.0.1-alpha.2)
  - rapidsnark (from `../`)

SPEC REPOS:
  trunk:
    - CircomWitnesscalc

EXTERNAL SOURCES:
  rapidsnark:
    :path: "../"

SPEC CHECKSUMS:
  CircomWitnesscalc: 77ebed71f7c5001e1a9e45c406904e9417bbe68b
  rapidsnark: 93e8caba50f35f4d4205fb17dafec72bd772e82b

PODFILE CHECKSUM: b1d629a73a229d739cadc8999316fcabe7f54d97

COCOAPODS: 1.16.2
