{
  "originHash" : "2cdf81e36a9ed39352801514e0e64ac4e71dd8ce01293e9c1326c730fc5c6f18",
  "pins" : [
    {
      "identity" : "circom-witnesscalc-swift",
      "kind" : "remoteSourceControl",
      "location" : "https://github.com/iden3/circom-witnesscalc-swift.git",
      "state" : {
        "revision" : "5406f96e80584ba0ab633806163515a77e78806e",
        "version" : "0.0.1-alpha.2"
      }
    },
    {
      "identity" : "zipfoundation",
      "kind" : "remoteSourceControl",
      "location" : "https://github.com/weichsel/ZIPFoundation.git",
      "state" : {
        "revision" : "02b6abe5f6eef7e3cbd5f247c5cc24e246efcfe0",
        "version" : "0.9.19"
      }
    }
  ],
  "version" : 3
}
