{
  "originHash" : "2e0396fd4c96d67b38e1bbfc2cf8b5232c8399e6b11ecb7b3e424621ed6799eb",
  "pins" : [
    {
      "identity" : "circom-witnesscalc-swift",
      "kind" : "remoteSourceControl",
      "location" : "https://github.com/iden3/circom-witnesscalc-swift.git",
      "state" : {
        "branch" : "main",
        "revision" : "22971fa1c521d4789a104bd6750634639ca39ab1"
      }
    },
    {
      "identity" : "zipfoundation",
      "kind" : "remoteSourceControl",
      "location" : "https://github.com/weichsel/ZIPFoundation.git",
      "state" : {
        "revision" : "02b6abe5f6eef7e3cbd5f247c5cc24e246efcfe0",
        "version" : "0.9.19"
      }
    }
  ],
  "version" : 3
}
